// !$*UTF8*$!
{
	archiveVersion = 1;
	classes = {
	};
	objectVersion = 77;
	objects = {

/* Begin PBXBuildFile section */
		0DB99392B36CBCB04C5F43AA /* LTLogConfiguration.swift in Sources */ = {isa = PBXBuildFile; fileRef = 80F3D8780031CC88482B482E /* LTLogConfiguration.swift */; };
		12FB4F27090E15D27C1214DF /* LTBCrashReportStore.swift in Sources */ = {isa = PBXBuildFile; fileRef = 46B4A449C5B5C1DB210CDF34 /* LTBCrashReportStore.swift */; };
		1BDF30A0A2D03BB11DFC38EF /* URLSchemeProbe.swift in Sources */ = {isa = PBXBuildFile; fileRef = 09A83F04B4FBE2608F40BCA1 /* URLSchemeProbe.swift */; };
		282FC911FBACC4758E4D07A4 /* LTBCrashReportBuilder.swift in Sources */ = {isa = PBXBuildFile; fileRef = 80F8524D8F5527846E6F0CF7 /* LTBCrashReportBuilder.swift */; };
		33F352E97DFA403C3B7A5A06 /* FeatureRolloutStage.swift in Sources */ = {isa = PBXBuildFile; fileRef = 9FF1944D74D70ACF52E4FF8A /* FeatureRolloutStage.swift */; };
		4022D186417704D81F10AD5C /* LTTestLogSink.swift in Sources */ = {isa = PBXBuildFile; fileRef = 1628351B6BADBD75F4427707 /* LTTestLogSink.swift */; };
		40337926787D6CA4F9D67169 /* LTBCrashStabilityMonitor.swift in Sources */ = {isa = PBXBuildFile; fileRef = 9C231C1844F3A734F7EE1DD5 /* LTBCrashStabilityMonitor.swift */; };
		435C3F452EAE3853946946AB /* XORCipher.swift in Sources */ = {isa = PBXBuildFile; fileRef = 8D6C89A555CBE9EDBC1ED377 /* XORCipher.swift */; };
		46F7022FE81E1BA5BFA958A7 /* PathProbe.swift in Sources */ = {isa = PBXBuildFile; fileRef = B4E4A8573DF600EE7BEA15DF /* PathProbe.swift */; };
		4863B73B8669A246D535091E /* LTBCrashSignalBridge.swift in Sources */ = {isa = PBXBuildFile; fileRef = B3384C4B0AF3EA814D8F70B9 /* LTBCrashSignalBridge.swift */; };
		4B176663E1D72D9582627B9E /* LTLogPolicy.swift in Sources */ = {isa = PBXBuildFile; fileRef = D465418924FEEF173F521D5D /* LTLogPolicy.swift */; };
		508F4E2D7EB3096EA6D2AA8A /* LTBCrashCapture.swift in Sources */ = {isa = PBXBuildFile; fileRef = 13E9E885D0084E92BCBCDA09 /* LTBCrashCapture.swift */; };
		57C02CCFA249296866FCA947 /* LTLogEvent.swift in Sources */ = {isa = PBXBuildFile; fileRef = EB07425B3B2DE1EA9B83DBE0 /* LTLogEvent.swift */; };
		58BDEECFB73166E698023F1B /* InjectionKey.swift in Sources */ = {isa = PBXBuildFile; fileRef = 4290BA6E9796B1368D01E546 /* InjectionKey.swift */; };
		599B4767446F4E7AB36329FD /* LTBCrashUploader.swift in Sources */ = {isa = PBXBuildFile; fileRef = 85254492960807B4612FDB30 /* LTBCrashUploader.swift */; };
		5AE8508F856B5C856A963D2D /* LTLogStore.swift in Sources */ = {isa = PBXBuildFile; fileRef = 3505F8BD3FA79A71AE76EFFC /* LTLogStore.swift */; };
		5BC182A39B7780D8595C8EE2 /* LTBCrashThreadCollector.swift in Sources */ = {isa = PBXBuildFile; fileRef = B64731FE13DDE6EE536CADE3 /* LTBCrashThreadCollector.swift */; };
		642470FC653F03EF9A2FE877 /* LTBCrashContext.swift in Sources */ = {isa = PBXBuildFile; fileRef = 092103D2AAD429B68EF93704 /* LTBCrashContext.swift */; };
		6B0B9030899760C4C6AF65CB /* LTLogger.swift in Sources */ = {isa = PBXBuildFile; fileRef = 5FA840EE08F371B19D64C00C /* LTLogger.swift */; };
		6E17FDCC79CE75F89AED1667 /* CrashReporter.swift in Sources */ = {isa = PBXBuildFile; fileRef = 270BF56487A0294D49CB35FA /* CrashReporter.swift */; };
		73BCFF88C30E137797966D23 /* LTBCrashSignalHandler.m in Sources */ = {isa = PBXBuildFile; fileRef = A51C378EEACAB26CC7AC3261 /* LTBCrashSignalHandler.m */; };
		7414B8F9AE7B0B2C01E0D063 /* EnvironmentConfig.swift in Sources */ = {isa = PBXBuildFile; fileRef = 36BA215C52772A5F88EFCD40 /* EnvironmentConfig.swift */; };
		772FEFE7B9F7D2690D4C334E /* LTBCrashBinaryImageCollector.swift in Sources */ = {isa = PBXBuildFile; fileRef = 8DE629BB9E3626F3D403D39D /* LTBCrashBinaryImageCollector.swift */; };
		7FFD351A9B43315FE2CF3586 /* LTBCrashSignalHandler.h in Headers */ = {isa = PBXBuildFile; fileRef = BA4FA0BBAABA787914410AFF /* LTBCrashSignalHandler.h */; settings = {ATTRIBUTES = (Public, ); }; };
		89F7258676356D986986281F /* LTBCrashContextStore.swift in Sources */ = {isa = PBXBuildFile; fileRef = 0D3FC5D519E6E0C8E65B9078 /* LTBCrashContextStore.swift */; };
		8A4EDB8C7BF762D1242C4938 /* FeatureToggle.swift in Sources */ = {isa = PBXBuildFile; fileRef = 958161FBD9C0E970D1BFC379 /* FeatureToggle.swift */; };
		944B4BDB198E24857C3B8CFC /* LTBCrashReporterConfiguration.swift in Sources */ = {isa = PBXBuildFile; fileRef = C349CA3397C5B75E700C5BED /* LTBCrashReporterConfiguration.swift */; };
		9B7273DA512F22584ACD01B3 /* LTBCrashSignalContextPayload.swift in Sources */ = {isa = PBXBuildFile; fileRef = 8EDBF6D80E758FF6D5B8FF52 /* LTBCrashSignalContextPayload.swift */; };
		9F5D9FAC7BF46A22FA1063DD /* FetureConfig.swift in Sources */ = {isa = PBXBuildFile; fileRef = CFE189BBA4F4EEB903EB8053 /* FetureConfig.swift */; };
		A1D40DE2A41964505A039683 /* FeatureToggling.swift in Sources */ = {isa = PBXBuildFile; fileRef = 091093EAE7C72DD6AB605489 /* FeatureToggling.swift */; };
		B0BA691847D30212CE2B7920 /* Injected.swift in Sources */ = {isa = PBXBuildFile; fileRef = 8425DD95260652BF849FE448 /* Injected.swift */; };
		B7D62A33FDAAE4727B97F436 /* LTLogFeedbackExporter.swift in Sources */ = {isa = PBXBuildFile; fileRef = 6DDC01950A44FDC469BB76DD /* LTLogFeedbackExporter.swift */; };
		BC76CD6753C1AEF4093D953C /* LTBCrashRedactor.swift in Sources */ = {isa = PBXBuildFile; fileRef = 5F0F293EFA0F451D943FFABB /* LTBCrashRedactor.swift */; };
		BCA688B150D6E12B1C472ECC /* LTFileLogSink.swift in Sources */ = {isa = PBXBuildFile; fileRef = 36B18415FAFFBD1918510DEE /* LTFileLogSink.swift */; };
		C4E183CD42AD982B5FC71FD1 /* LTBreadcrumb.swift in Sources */ = {isa = PBXBuildFile; fileRef = 9FC00C736ADF6F857D040773 /* LTBreadcrumb.swift */; };
		C6A0E1234EF969594B771FA1 /* LTLogLevel.swift in Sources */ = {isa = PBXBuildFile; fileRef = 1A127491110927A814AEF87D /* LTLogLevel.swift */; };
		C763C7B2E95371A26BAF5307 /* LTBCrashReport.swift in Sources */ = {isa = PBXBuildFile; fileRef = E9C75654D0C2368D8353A3B2 /* LTBCrashReport.swift */; };
		CBAEC433E51B4D7FDEE6D702 /* DylibProbe.swift in Sources */ = {isa = PBXBuildFile; fileRef = F863FBEE27A749E502F2A72B /* DylibProbe.swift */; };
		D198F47C592CCB9CA9F4E299 /* LTRemoteLogSink.swift in Sources */ = {isa = PBXBuildFile; fileRef = C8EE6DC48AF957B95F58DD48 /* LTRemoteLogSink.swift */; };
		DF6D6DA4AF55D46EBC07CFCE /* AntiDebug.swift in Sources */ = {isa = PBXBuildFile; fileRef = 023CDA746C22A12E53E39A93 /* AntiDebug.swift */; };
		E2E6058CC7CDE4D8E6CB8FB9 /* AppVariantType.swift in Sources */ = {isa = PBXBuildFile; fileRef = F263B2F2B184FDB2EB43AE7F /* AppVariantType.swift */; };
		E85F0BB0F2CCA95E9B1248E5 /* planning.md in Resources */ = {isa = PBXBuildFile; fileRef = B836BBF84BF7429B1980CEA1 /* planning.md */; };
		EA8984ADC138702F32ADB97A /* InjectionValues.swift in Sources */ = {isa = PBXBuildFile; fileRef = 3F8BBEDF47A50D5D6E0314EB /* InjectionValues.swift */; };
		F38DD329087E03E57951AC30 /* SandboxProbe.swift in Sources */ = {isa = PBXBuildFile; fileRef = AB9E713F49C1A3AAF97729B3 /* SandboxProbe.swift */; };
		F3B83A62ADFFC45AC98A0087 /* LTBCrashEvent.swift in Sources */ = {isa = PBXBuildFile; fileRef = AF9467CACEB9EE3DBB5D8E3D /* LTBCrashEvent.swift */; };
		F7192B179319FF0018A36E6F /* LTLog.swift in Sources */ = {isa = PBXBuildFile; fileRef = 1A9764DAFC469915F615A5F1 /* LTLog.swift */; };
		F7FA92D9283E05F30C80DE40 /* LTLogSink.swift in Sources */ = {isa = PBXBuildFile; fileRef = 7829E17E93702326D5CA7DD1 /* LTLogSink.swift */; };
/* End PBXBuildFile section */

/* Begin PBXFileReference section */
		023CDA746C22A12E53E39A93 /* AntiDebug.swift */ = {isa = PBXFileReference; lastKnownFileType = sourcecode.swift; path = AntiDebug.swift; sourceTree = "<group>"; };
		091093EAE7C72DD6AB605489 /* FeatureToggling.swift */ = {isa = PBXFileReference; lastKnownFileType = sourcecode.swift; path = FeatureToggling.swift; sourceTree = "<group>"; };
		092103D2AAD429B68EF93704 /* LTBCrashContext.swift */ = {isa = PBXFileReference; lastKnownFileType = sourcecode.swift; path = LTBCrashContext.swift; sourceTree = "<group>"; };
		09A83F04B4FBE2608F40BCA1 /* URLSchemeProbe.swift */ = {isa = PBXFileReference; lastKnownFileType = sourcecode.swift; path = URLSchemeProbe.swift; sourceTree = "<group>"; };
		0D3FC5D519E6E0C8E65B9078 /* LTBCrashContextStore.swift */ = {isa = PBXFileReference; lastKnownFileType = sourcecode.swift; path = LTBCrashContextStore.swift; sourceTree = "<group>"; };
		13E9E885D0084E92BCBCDA09 /* LTBCrashCapture.swift */ = {isa = PBXFileReference; lastKnownFileType = sourcecode.swift; path = LTBCrashCapture.swift; sourceTree = "<group>"; };
		1628351B6BADBD75F4427707 /* LTTestLogSink.swift */ = {isa = PBXFileReference; lastKnownFileType = sourcecode.swift; path = LTTestLogSink.swift; sourceTree = "<group>"; };
		1A127491110927A814AEF87D /* LTLogLevel.swift */ = {isa = PBXFileReference; lastKnownFileType = sourcecode.swift; path = LTLogLevel.swift; sourceTree = "<group>"; };
		1A9764DAFC469915F615A5F1 /* LTLog.swift */ = {isa = PBXFileReference; lastKnownFileType = sourcecode.swift; path = LTLog.swift; sourceTree = "<group>"; };
		270BF56487A0294D49CB35FA /* CrashReporter.swift */ = {isa = PBXFileReference; lastKnownFileType = sourcecode.swift; path = CrashReporter.swift; sourceTree = "<group>"; };
		31DAEED5F97682D655674933 /* Common.framework */ = {isa = PBXFileReference; explicitFileType = wrapper.framework; includeInIndex = 0; path = Common.framework; sourceTree = BUILT_PRODUCTS_DIR; };
		3505F8BD3FA79A71AE76EFFC /* LTLogStore.swift */ = {isa = PBXFileReference; lastKnownFileType = sourcecode.swift; path = LTLogStore.swift; sourceTree = "<group>"; };
		36B18415FAFFBD1918510DEE /* LTFileLogSink.swift */ = {isa = PBXFileReference; lastKnownFileType = sourcecode.swift; path = LTFileLogSink.swift; sourceTree = "<group>"; };
		36BA215C52772A5F88EFCD40 /* EnvironmentConfig.swift */ = {isa = PBXFileReference; lastKnownFileType = sourcecode.swift; path = EnvironmentConfig.swift; sourceTree = "<group>"; };
		3F8BBEDF47A50D5D6E0314EB /* InjectionValues.swift */ = {isa = PBXFileReference; lastKnownFileType = sourcecode.swift; path = InjectionValues.swift; sourceTree = "<group>"; };
		4290BA6E9796B1368D01E546 /* InjectionKey.swift */ = {isa = PBXFileReference; lastKnownFileType = sourcecode.swift; path = InjectionKey.swift; sourceTree = "<group>"; };
		46B4A449C5B5C1DB210CDF34 /* LTBCrashReportStore.swift */ = {isa = PBXFileReference; lastKnownFileType = sourcecode.swift; path = LTBCrashReportStore.swift; sourceTree = "<group>"; };
		5F0F293EFA0F451D943FFABB /* LTBCrashRedactor.swift */ = {isa = PBXFileReference; lastKnownFileType = sourcecode.swift; path = LTBCrashRedactor.swift; sourceTree = "<group>"; };
		5FA840EE08F371B19D64C00C /* LTLogger.swift */ = {isa = PBXFileReference; lastKnownFileType = sourcecode.swift; path = LTLogger.swift; sourceTree = "<group>"; };
		6DDC01950A44FDC469BB76DD /* LTLogFeedbackExporter.swift */ = {isa = PBXFileReference; lastKnownFileType = sourcecode.swift; path = LTLogFeedbackExporter.swift; sourceTree = "<group>"; };
		7829E17E93702326D5CA7DD1 /* LTLogSink.swift */ = {isa = PBXFileReference; lastKnownFileType = sourcecode.swift; path = LTLogSink.swift; sourceTree = "<group>"; };
		80F3D8780031CC88482B482E /* LTLogConfiguration.swift */ = {isa = PBXFileReference; lastKnownFileType = sourcecode.swift; path = LTLogConfiguration.swift; sourceTree = "<group>"; };
		80F8524D8F5527846E6F0CF7 /* LTBCrashReportBuilder.swift */ = {isa = PBXFileReference; lastKnownFileType = sourcecode.swift; path = LTBCrashReportBuilder.swift; sourceTree = "<group>"; };
		8425DD95260652BF849FE448 /* Injected.swift */ = {isa = PBXFileReference; lastKnownFileType = sourcecode.swift; path = Injected.swift; sourceTree = "<group>"; };
		85254492960807B4612FDB30 /* LTBCrashUploader.swift */ = {isa = PBXFileReference; lastKnownFileType = sourcecode.swift; path = LTBCrashUploader.swift; sourceTree = "<group>"; };
		8D6C89A555CBE9EDBC1ED377 /* XORCipher.swift */ = {isa = PBXFileReference; lastKnownFileType = sourcecode.swift; path = XORCipher.swift; sourceTree = "<group>"; };
		8DE629BB9E3626F3D403D39D /* LTBCrashBinaryImageCollector.swift */ = {isa = PBXFileReference; lastKnownFileType = sourcecode.swift; path = LTBCrashBinaryImageCollector.swift; sourceTree = "<group>"; };
		8EDBF6D80E758FF6D5B8FF52 /* LTBCrashSignalContextPayload.swift */ = {isa = PBXFileReference; lastKnownFileType = sourcecode.swift; path = LTBCrashSignalContextPayload.swift; sourceTree = "<group>"; };
		958161FBD9C0E970D1BFC379 /* FeatureToggle.swift */ = {isa = PBXFileReference; lastKnownFileType = sourcecode.swift; path = FeatureToggle.swift; sourceTree = "<group>"; };
		9C231C1844F3A734F7EE1DD5 /* LTBCrashStabilityMonitor.swift */ = {isa = PBXFileReference; lastKnownFileType = sourcecode.swift; path = LTBCrashStabilityMonitor.swift; sourceTree = "<group>"; };
		9FC00C736ADF6F857D040773 /* LTBreadcrumb.swift */ = {isa = PBXFileReference; lastKnownFileType = sourcecode.swift; path = LTBreadcrumb.swift; sourceTree = "<group>"; };
		9FF1944D74D70ACF52E4FF8A /* FeatureRolloutStage.swift */ = {isa = PBXFileReference; lastKnownFileType = sourcecode.swift; path = FeatureRolloutStage.swift; sourceTree = "<group>"; };
		A51C378EEACAB26CC7AC3261 /* LTBCrashSignalHandler.m */ = {isa = PBXFileReference; lastKnownFileType = sourcecode.c.objc; path = LTBCrashSignalHandler.m; sourceTree = "<group>"; };
		AB9E713F49C1A3AAF97729B3 /* SandboxProbe.swift */ = {isa = PBXFileReference; lastKnownFileType = sourcecode.swift; path = SandboxProbe.swift; sourceTree = "<group>"; };
		AF9467CACEB9EE3DBB5D8E3D /* LTBCrashEvent.swift */ = {isa = PBXFileReference; lastKnownFileType = sourcecode.swift; path = LTBCrashEvent.swift; sourceTree = "<group>"; };
		B3384C4B0AF3EA814D8F70B9 /* LTBCrashSignalBridge.swift */ = {isa = PBXFileReference; lastKnownFileType = sourcecode.swift; path = LTBCrashSignalBridge.swift; sourceTree = "<group>"; };
		B4E4A8573DF600EE7BEA15DF /* PathProbe.swift */ = {isa = PBXFileReference; lastKnownFileType = sourcecode.swift; path = PathProbe.swift; sourceTree = "<group>"; };
		B64731FE13DDE6EE536CADE3 /* LTBCrashThreadCollector.swift */ = {isa = PBXFileReference; lastKnownFileType = sourcecode.swift; path = LTBCrashThreadCollector.swift; sourceTree = "<group>"; };
		B836BBF84BF7429B1980CEA1 /* planning.md */ = {isa = PBXFileReference; lastKnownFileType = net.daringfireball.markdown; path = planning.md; sourceTree = "<group>"; };
		BA4FA0BBAABA787914410AFF /* LTBCrashSignalHandler.h */ = {isa = PBXFileReference; lastKnownFileType = sourcecode.c.h; path = LTBCrashSignalHandler.h; sourceTree = "<group>"; };
		C349CA3397C5B75E700C5BED /* LTBCrashReporterConfiguration.swift */ = {isa = PBXFileReference; lastKnownFileType = sourcecode.swift; path = LTBCrashReporterConfiguration.swift; sourceTree = "<group>"; };
		C8EE6DC48AF957B95F58DD48 /* LTRemoteLogSink.swift */ = {isa = PBXFileReference; lastKnownFileType = sourcecode.swift; path = LTRemoteLogSink.swift; sourceTree = "<group>"; };
		CFE189BBA4F4EEB903EB8053 /* FetureConfig.swift */ = {isa = PBXFileReference; lastKnownFileType = sourcecode.swift; path = FetureConfig.swift; sourceTree = "<group>"; };
		D014FC01F6E85E536DAA182F /* Info.plist */ = {isa = PBXFileReference; lastKnownFileType = text.plist; path = Info.plist; sourceTree = "<group>"; };
		D465418924FEEF173F521D5D /* LTLogPolicy.swift */ = {isa = PBXFileReference; lastKnownFileType = sourcecode.swift; path = LTLogPolicy.swift; sourceTree = "<group>"; };
		E9C75654D0C2368D8353A3B2 /* LTBCrashReport.swift */ = {isa = PBXFileReference; lastKnownFileType = sourcecode.swift; path = LTBCrashReport.swift; sourceTree = "<group>"; };
		EB07425B3B2DE1EA9B83DBE0 /* LTLogEvent.swift */ = {isa = PBXFileReference; lastKnownFileType = sourcecode.swift; path = LTLogEvent.swift; sourceTree = "<group>"; };
		F263B2F2B184FDB2EB43AE7F /* AppVariantType.swift */ = {isa = PBXFileReference; lastKnownFileType = sourcecode.swift; path = AppVariantType.swift; sourceTree = "<group>"; };
		F863FBEE27A749E502F2A72B /* DylibProbe.swift */ = {isa = PBXFileReference; lastKnownFileType = sourcecode.swift; path = DylibProbe.swift; sourceTree = "<group>"; };
/* End PBXFileReference section */

/* Begin PBXGroup section */
		09901663F7E9E0132DF21E32 /* LTBugly */ = {
			isa = PBXGroup;
			children = (
				270BF56487A0294D49CB35FA /* CrashReporter.swift */,
				8DE629BB9E3626F3D403D39D /* LTBCrashBinaryImageCollector.swift */,
				13E9E885D0084E92BCBCDA09 /* LTBCrashCapture.swift */,
				092103D2AAD429B68EF93704 /* LTBCrashContext.swift */,
				0D3FC5D519E6E0C8E65B9078 /* LTBCrashContextStore.swift */,
				AF9467CACEB9EE3DBB5D8E3D /* LTBCrashEvent.swift */,
				5F0F293EFA0F451D943FFABB /* LTBCrashRedactor.swift */,
				E9C75654D0C2368D8353A3B2 /* LTBCrashReport.swift */,
				80F8524D8F5527846E6F0CF7 /* LTBCrashReportBuilder.swift */,
				C349CA3397C5B75E700C5BED /* LTBCrashReporterConfiguration.swift */,
				46B4A449C5B5C1DB210CDF34 /* LTBCrashReportStore.swift */,
				B3384C4B0AF3EA814D8F70B9 /* LTBCrashSignalBridge.swift */,
				8EDBF6D80E758FF6D5B8FF52 /* LTBCrashSignalContextPayload.swift */,
				BA4FA0BBAABA787914410AFF /* LTBCrashSignalHandler.h */,
				A51C378EEACAB26CC7AC3261 /* LTBCrashSignalHandler.m */,
				9C231C1844F3A734F7EE1DD5 /* LTBCrashStabilityMonitor.swift */,
				B64731FE13DDE6EE536CADE3 /* LTBCrashThreadCollector.swift */,
				85254492960807B4612FDB30 /* LTBCrashUploader.swift */,
				B836BBF84BF7429B1980CEA1 /* planning.md */,
			);
			path = LTBugly;
			sourceTree = "<group>";
		};
		0D24FEDCCFD50067958979FA /* Injection */ = {
			isa = PBXGroup;
			children = (
				8425DD95260652BF849FE448 /* Injected.swift */,
				4290BA6E9796B1368D01E546 /* InjectionKey.swift */,
				3F8BBEDF47A50D5D6E0314EB /* InjectionValues.swift */,
			);
			path = Injection;
			sourceTree = "<group>";
		};
		18407DA910ADF438EBC560CF /* FeatureToggle */ = {
			isa = PBXGroup;
			children = (
				F263B2F2B184FDB2EB43AE7F /* AppVariantType.swift */,
				9FF1944D74D70ACF52E4FF8A /* FeatureRolloutStage.swift */,
				958161FBD9C0E970D1BFC379 /* FeatureToggle.swift */,
				091093EAE7C72DD6AB605489 /* FeatureToggling.swift */,
				CFE189BBA4F4EEB903EB8053 /* FetureConfig.swift */,
			);
			path = FeatureToggle;
			sourceTree = "<group>";
		};
		2BA2E904E49DCBDE6C89E3BA /* JailBreakChecker */ = {
			isa = PBXGroup;
			children = (
				36BA215C52772A5F88EFCD40 /* EnvironmentConfig.swift */,
				4B518D5EE2B36E7A845CCD68 /* Internal */,
			);
			path = JailBreakChecker;
			sourceTree = "<group>";
		};
		3B338E058DBB3B87B9DEE9EE /* Logger */ = {
			isa = PBXGroup;
			children = (
				9FC00C736ADF6F857D040773 /* LTBreadcrumb.swift */,
				36B18415FAFFBD1918510DEE /* LTFileLogSink.swift */,
				1A9764DAFC469915F615A5F1 /* LTLog.swift */,
				80F3D8780031CC88482B482E /* LTLogConfiguration.swift */,
				EB07425B3B2DE1EA9B83DBE0 /* LTLogEvent.swift */,
				6DDC01950A44FDC469BB76DD /* LTLogFeedbackExporter.swift */,
				5FA840EE08F371B19D64C00C /* LTLogger.swift */,
				1A127491110927A814AEF87D /* LTLogLevel.swift */,
				D465418924FEEF173F521D5D /* LTLogPolicy.swift */,
				7829E17E93702326D5CA7DD1 /* LTLogSink.swift */,
				3505F8BD3FA79A71AE76EFFC /* LTLogStore.swift */,
				C8EE6DC48AF957B95F58DD48 /* LTRemoteLogSink.swift */,
				1628351B6BADBD75F4427707 /* LTTestLogSink.swift */,
			);
			path = Logger;
			sourceTree = "<group>";
		};
		4B518D5EE2B36E7A845CCD68 /* Internal */ = {
			isa = PBXGroup;
			children = (
				023CDA746C22A12E53E39A93 /* AntiDebug.swift */,
				F863FBEE27A749E502F2A72B /* DylibProbe.swift */,
				B4E4A8573DF600EE7BEA15DF /* PathProbe.swift */,
				AB9E713F49C1A3AAF97729B3 /* SandboxProbe.swift */,
				09A83F04B4FBE2608F40BCA1 /* URLSchemeProbe.swift */,
				8D6C89A555CBE9EDBC1ED377 /* XORCipher.swift */,
			);
			path = Internal;
			sourceTree = "<group>";
		};
		75672AB8A3D5F88FEB6880D7 = {
			isa = PBXGroup;
			children = (
				C3DE815D8AD5862F60AE7646 /* Source */,
				94BAEE6F1D9EB35E2614AE54 /* Products */,
			);
			sourceTree = "<group>";
		};
		94BAEE6F1D9EB35E2614AE54 /* Products */ = {
			isa = PBXGroup;
			children = (
				31DAEED5F97682D655674933 /* Common.framework */,
			);
			name = Products;
			sourceTree = "<group>";
		};
		C3DE815D8AD5862F60AE7646 /* Source */ = {
			isa = PBXGroup;
			children = (
				D014FC01F6E85E536DAA182F /* Info.plist */,
				18407DA910ADF438EBC560CF /* FeatureToggle */,
				0D24FEDCCFD50067958979FA /* Injection */,
				2BA2E904E49DCBDE6C89E3BA /* JailBreakChecker */,
				3B338E058DBB3B87B9DEE9EE /* Logger */,
				09901663F7E9E0132DF21E32 /* LTBugly */,
			);
			path = Source;
			sourceTree = "<group>";
		};
/* End PBXGroup section */

/* Begin PBXHeadersBuildPhase section */
		6591E764DAC003655AC782D3 /* Headers */ = {
			isa = PBXHeadersBuildPhase;
			buildActionMask = 2147483647;
			files = (
				7FFD351A9B43315FE2CF3586 /* LTBCrashSignalHandler.h in Headers */,
			);
			runOnlyForDeploymentPostprocessing = 0;
		};
/* End PBXHeadersBuildPhase section */

/* Begin PBXNativeTarget section */
		E08ABD263855627D83D37766 /* Common */ = {
			isa = PBXNativeTarget;
			buildConfigurationList = 97BF576076886CD83B76B8B1 /* Build configuration list for PBXNativeTarget "Common" */;
			buildPhases = (
				6591E764DAC003655AC782D3 /* Headers */,
				C43FBAEB93088F1FA18F08DA /* Sources */,
				BD50F1B05281191BCBDB2893 /* Resources */,
			);
			buildRules = (
			);
			dependencies = (
			);
			name = Common;
			packageProductDependencies = (
			);
			productName = Common;
			productReference = 31DAEED5F97682D655674933 /* Common.framework */;
			productType = "com.apple.product-type.framework";
		};
/* End PBXNativeTarget section */

/* Begin PBXProject section */
		A0F000962B23D0ED661F9B41 /* Project object */ = {
			isa = PBXProject;
			attributes = {
				BuildIndependentTargetsInParallel = YES;
				LastUpgradeCheck = 1600;
				TargetAttributes = {
				};
			};
			buildConfigurationList = 7A960902591CDB4F68854742 /* Build configuration list for PBXProject "Common" */;
			developmentRegion = en;
			hasScannedForEncodings = 0;
			knownRegions = (
				Base,
				en,
			);
			mainGroup = 75672AB8A3D5F88FEB6880D7;
			minimizedProjectReferenceProxies = 1;
			preferredProjectObjectVersion = 77;
			productRefGroup = 94BAEE6F1D9EB35E2614AE54 /* Products */;
			projectDirPath = "";
			projectRoot = "";
			targets = (
				E08ABD263855627D83D37766 /* Common */,
			);
		};
/* End PBXProject section */

/* Begin PBXResourcesBuildPhase section */
		BD50F1B05281191BCBDB2893 /* Resources */ = {
			isa = PBXResourcesBuildPhase;
			buildActionMask = 2147483647;
			files = (
				E85F0BB0F2CCA95E9B1248E5 /* planning.md in Resources */,
			);
			runOnlyForDeploymentPostprocessing = 0;
		};
/* End PBXResourcesBuildPhase section */

/* Begin PBXSourcesBuildPhase section */
		C43FBAEB93088F1FA18F08DA /* Sources */ = {
			isa = PBXSourcesBuildPhase;
			buildActionMask = 2147483647;
			files = (
				DF6D6DA4AF55D46EBC07CFCE /* AntiDebug.swift in Sources */,
				E2E6058CC7CDE4D8E6CB8FB9 /* AppVariantType.swift in Sources */,
				6E17FDCC79CE75F89AED1667 /* CrashReporter.swift in Sources */,
				CBAEC433E51B4D7FDEE6D702 /* DylibProbe.swift in Sources */,
				7414B8F9AE7B0B2C01E0D063 /* EnvironmentConfig.swift in Sources */,
				33F352E97DFA403C3B7A5A06 /* FeatureRolloutStage.swift in Sources */,
				8A4EDB8C7BF762D1242C4938 /* FeatureToggle.swift in Sources */,
				A1D40DE2A41964505A039683 /* FeatureToggling.swift in Sources */,
				9F5D9FAC7BF46A22FA1063DD /* FetureConfig.swift in Sources */,
				B0BA691847D30212CE2B7920 /* Injected.swift in Sources */,
				58BDEECFB73166E698023F1B /* InjectionKey.swift in Sources */,
				EA8984ADC138702F32ADB97A /* InjectionValues.swift in Sources */,
				772FEFE7B9F7D2690D4C334E /* LTBCrashBinaryImageCollector.swift in Sources */,
				508F4E2D7EB3096EA6D2AA8A /* LTBCrashCapture.swift in Sources */,
				642470FC653F03EF9A2FE877 /* LTBCrashContext.swift in Sources */,
				89F7258676356D986986281F /* LTBCrashContextStore.swift in Sources */,
				F3B83A62ADFFC45AC98A0087 /* LTBCrashEvent.swift in Sources */,
				BC76CD6753C1AEF4093D953C /* LTBCrashRedactor.swift in Sources */,
				C763C7B2E95371A26BAF5307 /* LTBCrashReport.swift in Sources */,
				282FC911FBACC4758E4D07A4 /* LTBCrashReportBuilder.swift in Sources */,
				12FB4F27090E15D27C1214DF /* LTBCrashReportStore.swift in Sources */,
				944B4BDB198E24857C3B8CFC /* LTBCrashReporterConfiguration.swift in Sources */,
				4863B73B8669A246D535091E /* LTBCrashSignalBridge.swift in Sources */,
				9B7273DA512F22584ACD01B3 /* LTBCrashSignalContextPayload.swift in Sources */,
				73BCFF88C30E137797966D23 /* LTBCrashSignalHandler.m in Sources */,
				40337926787D6CA4F9D67169 /* LTBCrashStabilityMonitor.swift in Sources */,
				5BC182A39B7780D8595C8EE2 /* LTBCrashThreadCollector.swift in Sources */,
				599B4767446F4E7AB36329FD /* LTBCrashUploader.swift in Sources */,
				C4E183CD42AD982B5FC71FD1 /* LTBreadcrumb.swift in Sources */,
				BCA688B150D6E12B1C472ECC /* LTFileLogSink.swift in Sources */,
				F7192B179319FF0018A36E6F /* LTLog.swift in Sources */,
				0DB99392B36CBCB04C5F43AA /* LTLogConfiguration.swift in Sources */,
				57C02CCFA249296866FCA947 /* LTLogEvent.swift in Sources */,
				B7D62A33FDAAE4727B97F436 /* LTLogFeedbackExporter.swift in Sources */,
				C6A0E1234EF969594B771FA1 /* LTLogLevel.swift in Sources */,
				4B176663E1D72D9582627B9E /* LTLogPolicy.swift in Sources */,
				F7FA92D9283E05F30C80DE40 /* LTLogSink.swift in Sources */,
				5AE8508F856B5C856A963D2D /* LTLogStore.swift in Sources */,
				6B0B9030899760C4C6AF65CB /* LTLogger.swift in Sources */,
				D198F47C592CCB9CA9F4E299 /* LTRemoteLogSink.swift in Sources */,
				4022D186417704D81F10AD5C /* LTTestLogSink.swift in Sources */,
				46F7022FE81E1BA5BFA958A7 /* PathProbe.swift in Sources */,
				F38DD329087E03E57951AC30 /* SandboxProbe.swift in Sources */,
				1BDF30A0A2D03BB11DFC38EF /* URLSchemeProbe.swift in Sources */,
				435C3F452EAE3853946946AB /* XORCipher.swift in Sources */,
			);
			runOnlyForDeploymentPostprocessing = 0;
		};
/* End PBXSourcesBuildPhase section */

/* Begin XCBuildConfiguration section */
		258C8C7F9CD64F21B0F7BFB5 /* Release */ = {
			isa = XCBuildConfiguration;
			buildSettings = {
				CODE_SIGN_IDENTITY = "";
				CURRENT_PROJECT_VERSION = 1;
				DEFINES_MODULE = YES;
				DYLIB_COMPATIBILITY_VERSION = 1;
				DYLIB_CURRENT_VERSION = 1;
				DYLIB_INSTALL_NAME_BASE = "@rpath";
				INFOPLIST_FILE = Source/Info.plist;
				INSTALL_PATH = "$(LOCAL_LIBRARY_DIR)/Frameworks";
				IPHONE_DEPLOYMENT_TARGET = 18.0;
				LD_RUNPATH_SEARCH_PATHS = (
					"$(inherited)",
					"@executable_path/Frameworks",
				);
				PRODUCT_BUNDLE_IDENTIFIER = com.little.things.Common;
				SDKROOT = iphoneos;
				SKIP_INSTALL = YES;
				SWIFT_VERSION = 6.0;
				TARGETED_DEVICE_FAMILY = "1,2";
				VERSIONING_SYSTEM = "apple-generic";
			};
			name = Release;
		};
		72FA4AC8FC459D5A95CEA0AD /* Release-Debug */ = {
			isa = XCBuildConfiguration;
			buildSettings = {
				ALWAYS_SEARCH_USER_PATHS = NO;
				CLANG_ANALYZER_LOCALIZABILITY_NONLOCALIZED = YES;
				CLANG_ANALYZER_NONNULL = YES;
				CLANG_ANALYZER_NUMBER_OBJECT_CONVERSION = YES_AGGRESSIVE;
				CLANG_CXX_LANGUAGE_STANDARD = "gnu++14";
				CLANG_CXX_LIBRARY = "libc++";
				CLANG_ENABLE_MODULES = YES;
				CLANG_ENABLE_OBJC_ARC = YES;
				CLANG_ENABLE_OBJC_WEAK = YES;
				CLANG_WARN_BLOCK_CAPTURE_AUTORELEASING = YES;
				CLANG_WARN_BOOL_CONVERSION = YES;
				CLANG_WARN_COMMA = YES;
				CLANG_WARN_CONSTANT_CONVERSION = YES;
				CLANG_WARN_DEPRECATED_OBJC_IMPLEMENTATIONS = YES;
				CLANG_WARN_DIRECT_OBJC_ISA_USAGE = YES_ERROR;
				CLANG_WARN_DOCUMENTATION_COMMENTS = YES;
				CLANG_WARN_EMPTY_BODY = YES;
				CLANG_WARN_ENUM_CONVERSION = YES;
				CLANG_WARN_INFINITE_RECURSION = YES;
				CLANG_WARN_INT_CONVERSION = YES;
				CLANG_WARN_NON_LITERAL_NULL_CONVERSION = YES;
				CLANG_WARN_OBJC_IMPLICIT_RETAIN_SELF = YES;
				CLANG_WARN_OBJC_LITERAL_CONVERSION = YES;
				CLANG_WARN_OBJC_ROOT_CLASS = YES_ERROR;
				CLANG_WARN_QUOTED_INCLUDE_IN_FRAMEWORK_HEADER = YES;
				CLANG_WARN_RANGE_LOOP_ANALYSIS = YES;
				CLANG_WARN_STRICT_PROTOTYPES = YES;
				CLANG_WARN_SUSPICIOUS_MOVE = YES;
				CLANG_WARN_UNGUARDED_AVAILABILITY = YES_AGGRESSIVE;
				CLANG_WARN_UNREACHABLE_CODE = YES;
				CLANG_WARN__DUPLICATE_METHOD_MATCH = YES;
				COPY_PHASE_STRIP = NO;
				DEBUG_INFORMATION_FORMAT = "dwarf-with-dsym";
				ENABLE_NS_ASSERTIONS = NO;
				ENABLE_STRICT_OBJC_MSGSEND = YES;
				GCC_C_LANGUAGE_STANDARD = gnu11;
				GCC_NO_COMMON_BLOCKS = YES;
				GCC_WARN_64_TO_32_BIT_CONVERSION = YES;
				GCC_WARN_ABOUT_RETURN_TYPE = YES_ERROR;
				GCC_WARN_UNDECLARED_SELECTOR = YES;
				GCC_WARN_UNINITIALIZED_AUTOS = YES_AGGRESSIVE;
				GCC_WARN_UNUSED_FUNCTION = YES;
				GCC_WARN_UNUSED_VARIABLE = YES;
				IPHONEOS_DEPLOYMENT_TARGET = 18.0;
				MTL_ENABLE_DEBUG_INFO = NO;
				MTL_FAST_MATH = YES;
				ONLY_ACTIVE_ARCH = YES;
				OTHER_SWIFT_FLAGS = "-DDEBUG";
				PRODUCT_NAME = "$(TARGET_NAME)";
				SDKROOT = iphoneos;
				SWIFT_COMPILATION_MODE = wholemodule;
				SWIFT_OPTIMIZATION_LEVEL = "-Onone";
				SWIFT_VERSION = 5.0;
			};
			name = "Release-Debug";
		};
		77DB12E677E59FCAC671B607 /* Debug */ = {
			isa = XCBuildConfiguration;
			buildSettings = {
				ALWAYS_SEARCH_USER_PATHS = NO;
				CLANG_ANALYZER_LOCALIZABILITY_NONLOCALIZED = YES;
				CLANG_ANALYZER_NONNULL = YES;
				CLANG_ANALYZER_NUMBER_OBJECT_CONVERSION = YES_AGGRESSIVE;
				CLANG_CXX_LANGUAGE_STANDARD = "gnu++14";
				CLANG_CXX_LIBRARY = "libc++";
				CLANG_ENABLE_MODULES = YES;
				CLANG_ENABLE_OBJC_ARC = YES;
				CLANG_ENABLE_OBJC_WEAK = YES;
				CLANG_WARN_BLOCK_CAPTURE_AUTORELEASING = YES;
				CLANG_WARN_BOOL_CONVERSION = YES;
				CLANG_WARN_COMMA = YES;
				CLANG_WARN_CONSTANT_CONVERSION = YES;
				CLANG_WARN_DEPRECATED_OBJC_IMPLEMENTATIONS = YES;
				CLANG_WARN_DIRECT_OBJC_ISA_USAGE = YES_ERROR;
				CLANG_WARN_DOCUMENTATION_COMMENTS = YES;
				CLANG_WARN_EMPTY_BODY = YES;
				CLANG_WARN_ENUM_CONVERSION = YES;
				CLANG_WARN_INFINITE_RECURSION = YES;
				CLANG_WARN_INT_CONVERSION = YES;
				CLANG_WARN_NON_LITERAL_NULL_CONVERSION = YES;
				CLANG_WARN_OBJC_IMPLICIT_RETAIN_SELF = YES;
				CLANG_WARN_OBJC_LITERAL_CONVERSION = YES;
				CLANG_WARN_OBJC_ROOT_CLASS = YES_ERROR;
				CLANG_WARN_QUOTED_INCLUDE_IN_FRAMEWORK_HEADER = YES;
				CLANG_WARN_RANGE_LOOP_ANALYSIS = YES;
				CLANG_WARN_STRICT_PROTOTYPES = YES;
				CLANG_WARN_SUSPICIOUS_MOVE = YES;
				CLANG_WARN_UNGUARDED_AVAILABILITY = YES_AGGRESSIVE;
				CLANG_WARN_UNREACHABLE_CODE = YES;
				CLANG_WARN__DUPLICATE_METHOD_MATCH = YES;
				COPY_PHASE_STRIP = NO;
				DEBUG_INFORMATION_FORMAT = dwarf;
				ENABLE_STRICT_OBJC_MSGSEND = YES;
				ENABLE_TESTABILITY = YES;
				GCC_C_LANGUAGE_STANDARD = gnu11;
				GCC_DYNAMIC_NO_PIC = NO;
				GCC_NO_COMMON_BLOCKS = YES;
				GCC_OPTIMIZATION_LEVEL = 0;
				GCC_PREPROCESSOR_DEFINITIONS = (
					"$(inherited)",
					"DEBUG=1",
				);
				GCC_WARN_64_TO_32_BIT_CONVERSION = YES;
				GCC_WARN_ABOUT_RETURN_TYPE = YES_ERROR;
				GCC_WARN_UNDECLARED_SELECTOR = YES;
				GCC_WARN_UNINITIALIZED_AUTOS = YES_AGGRESSIVE;
				GCC_WARN_UNUSED_FUNCTION = YES;
				GCC_WARN_UNUSED_VARIABLE = YES;
				IPHONEOS_DEPLOYMENT_TARGET = 18.0;
				MTL_ENABLE_DEBUG_INFO = INCLUDE_SOURCE;
				MTL_FAST_MATH = YES;
				ONLY_ACTIVE_ARCH = YES;
				PRODUCT_NAME = "$(TARGET_NAME)";
				SDKROOT = iphoneos;
				SWIFT_ACTIVE_COMPILATION_CONDITIONS = DEBUG;
				SWIFT_OPTIMIZATION_LEVEL = "-Onone";
				SWIFT_VERSION = 5.0;
			};
			name = Debug;
		};
		9872547E4CDA8EC4F1EA62B3 /* Debug */ = {
			isa = XCBuildConfiguration;
			buildSettings = {
				CODE_SIGN_IDENTITY = "";
				CURRENT_PROJECT_VERSION = 1;
				DEFINES_MODULE = YES;
				DYLIB_COMPATIBILITY_VERSION = 1;
				DYLIB_CURRENT_VERSION = 1;
				DYLIB_INSTALL_NAME_BASE = "@rpath";
				INFOPLIST_FILE = Source/Info.plist;
				INSTALL_PATH = "$(LOCAL_LIBRARY_DIR)/Frameworks";
				IPHONE_DEPLOYMENT_TARGET = 18.0;
				LD_RUNPATH_SEARCH_PATHS = (
					"$(inherited)",
					"@executable_path/Frameworks",
				);
				PRODUCT_BUNDLE_IDENTIFIER = com.little.things.Common;
				SDKROOT = iphoneos;
				SKIP_INSTALL = YES;
				SWIFT_VERSION = 6.0;
				TARGETED_DEVICE_FAMILY = "1,2";
				VERSIONING_SYSTEM = "apple-generic";
			};
			name = Debug;
		};
		AD9627485198C11DD76F0899 /* Release-Debug */ = {
			isa = XCBuildConfiguration;
			buildSettings = {
				CODE_SIGN_IDENTITY = "";
				CURRENT_PROJECT_VERSION = 1;
				DEFINES_MODULE = YES;
				DYLIB_COMPATIBILITY_VERSION = 1;
				DYLIB_CURRENT_VERSION = 1;
				DYLIB_INSTALL_NAME_BASE = "@rpath";
				INFOPLIST_FILE = Source/Info.plist;
				INSTALL_PATH = "$(LOCAL_LIBRARY_DIR)/Frameworks";
				IPHONE_DEPLOYMENT_TARGET = 18.0;
				LD_RUNPATH_SEARCH_PATHS = (
					"$(inherited)",
					"@executable_path/Frameworks",
				);
				PRODUCT_BUNDLE_IDENTIFIER = com.little.things.Common;
				SDKROOT = iphoneos;
				SKIP_INSTALL = YES;
				SWIFT_VERSION = 6.0;
				TARGETED_DEVICE_FAMILY = "1,2";
				VERSIONING_SYSTEM = "apple-generic";
			};
			name = "Release-Debug";
		};
		D913DFD33B481C846A69C945 /* Release */ = {
			isa = XCBuildConfiguration;
			buildSettings = {
				ALWAYS_SEARCH_USER_PATHS = NO;
				CLANG_ANALYZER_LOCALIZABILITY_NONLOCALIZED = YES;
				CLANG_ANALYZER_NONNULL = YES;
				CLANG_ANALYZER_NUMBER_OBJECT_CONVERSION = YES_AGGRESSIVE;
				CLANG_CXX_LANGUAGE_STANDARD = "gnu++14";
				CLANG_CXX_LIBRARY = "libc++";
				CLANG_ENABLE_MODULES = YES;
				CLANG_ENABLE_OBJC_ARC = YES;
				CLANG_ENABLE_OBJC_WEAK = YES;
				CLANG_WARN_BLOCK_CAPTURE_AUTORELEASING = YES;
				CLANG_WARN_BOOL_CONVERSION = YES;
				CLANG_WARN_COMMA = YES;
				CLANG_WARN_CONSTANT_CONVERSION = YES;
				CLANG_WARN_DEPRECATED_OBJC_IMPLEMENTATIONS = YES;
				CLANG_WARN_DIRECT_OBJC_ISA_USAGE = YES_ERROR;
				CLANG_WARN_DOCUMENTATION_COMMENTS = YES;
				CLANG_WARN_EMPTY_BODY = YES;
				CLANG_WARN_ENUM_CONVERSION = YES;
				CLANG_WARN_INFINITE_RECURSION = YES;
				CLANG_WARN_INT_CONVERSION = YES;
				CLANG_WARN_NON_LITERAL_NULL_CONVERSION = YES;
				CLANG_WARN_OBJC_IMPLICIT_RETAIN_SELF = YES;
				CLANG_WARN_OBJC_LITERAL_CONVERSION = YES;
				CLANG_WARN_OBJC_ROOT_CLASS = YES_ERROR;
				CLANG_WARN_QUOTED_INCLUDE_IN_FRAMEWORK_HEADER = YES;
				CLANG_WARN_RANGE_LOOP_ANALYSIS = YES;
				CLANG_WARN_STRICT_PROTOTYPES = YES;
				CLANG_WARN_SUSPICIOUS_MOVE = YES;
				CLANG_WARN_UNGUARDED_AVAILABILITY = YES_AGGRESSIVE;
				CLANG_WARN_UNREACHABLE_CODE = YES;
				CLANG_WARN__DUPLICATE_METHOD_MATCH = YES;
				COPY_PHASE_STRIP = NO;
				DEBUG_INFORMATION_FORMAT = "dwarf-with-dsym";
				ENABLE_NS_ASSERTIONS = NO;
				ENABLE_STRICT_OBJC_MSGSEND = YES;
				GCC_C_LANGUAGE_STANDARD = gnu11;
				GCC_NO_COMMON_BLOCKS = YES;
				GCC_WARN_64_TO_32_BIT_CONVERSION = YES;
				GCC_WARN_ABOUT_RETURN_TYPE = YES_ERROR;
				GCC_WARN_UNDECLARED_SELECTOR = YES;
				GCC_WARN_UNINITIALIZED_AUTOS = YES_AGGRESSIVE;
				GCC_WARN_UNUSED_FUNCTION = YES;
				GCC_WARN_UNUSED_VARIABLE = YES;
				IPHONEOS_DEPLOYMENT_TARGET = 18.0;
				MTL_ENABLE_DEBUG_INFO = NO;
				MTL_FAST_MATH = YES;
				PRODUCT_NAME = "$(TARGET_NAME)";
				SDKROOT = iphoneos;
				SWIFT_COMPILATION_MODE = wholemodule;
				SWIFT_OPTIMIZATION_LEVEL = "-O";
				SWIFT_VERSION = 5.0;
			};
			name = Release;
		};
/* End XCBuildConfiguration section */

/* Begin XCConfigurationList section */
		7A960902591CDB4F68854742 /* Build configuration list for PBXProject "Common" */ = {
			isa = XCConfigurationList;
			buildConfigurations = (
				77DB12E677E59FCAC671B607 /* Debug */,
				D913DFD33B481C846A69C945 /* Release */,
				72FA4AC8FC459D5A95CEA0AD /* Release-Debug */,
			);
			defaultConfigurationIsVisible = 0;
			defaultConfigurationName = Debug;
		};
		97BF576076886CD83B76B8B1 /* Build configuration list for PBXNativeTarget "Common" */ = {
			isa = XCConfigurationList;
			buildConfigurations = (
				9872547E4CDA8EC4F1EA62B3 /* Debug */,
				258C8C7F9CD64F21B0F7BFB5 /* Release */,
				AD9627485198C11DD76F0899 /* Release-Debug */,
			);
			defaultConfigurationIsVisible = 0;
			defaultConfigurationName = Debug;
		};
/* End XCConfigurationList section */
	};
	rootObject = A0F000962B23D0ED661F9B41 /* Project object */;
}
